
Microsoft Visual Studio Solution File, Format Version 12.00
# Visual Studio Version 17
VisualStudioVersion = 17.7.34031.279
MinimumVisualStudioVersion = 10.0.40219.1
Project("{FAE04EC0-301F-11D3-BF4B-00C04F79EFBC}") = "PersonalSiteMVC", "PersonalSiteMVC\PersonalSiteMVC.csproj", "{81898C96-B59C-4261-925F-BE288EA063A9}"
EndProject
Global
	GlobalSection(SolutionConfigurationPlatforms) = preSolution
		Debug|Any CPU = Debug|Any CPU
		Release|Any CPU = Release|Any CPU
	EndGlobalSection
	GlobalSection(ProjectConfigurationPlatforms) = postSolution
		{81898C96-B59C-4261-925F-BE288EA063A9}.Debug|Any CPU.ActiveCfg = Debug|Any CPU
		{81898C96-B59C-4261-925F-BE288EA063A9}.Debug|Any CPU.Build.0 = Debug|Any CPU
		{81898C96-B59C-4261-925F-BE288EA063A9}.Release|Any CPU.ActiveCfg = Release|Any CPU
		{81898C96-B59C-4261-925F-BE288EA063A9}.Release|Any CPU.Build.0 = Release|Any CPU
	EndGlobalSection
	GlobalSection(SolutionProperties) = preSolution
		HideSolutionNode = FALSE
	EndGlobalSection
	GlobalSection(ExtensibilityGlobals) = postSolution
		SolutionGuid = {44A6A179-F1C2-4BA1-AC5B-54F5DD7ABE78}
	EndGlobalSection
EndGlobal
